
Microsoft Visual Studio Solution File, Format Version 12.00
# Visual Studio 15
VisualStudioVersion = 15.0.28307.421
MinimumVisualStudioVersion = 10.0.40219.1
Project("{FAE04EC0-301F-11D3-BF4B-00C04F79EFBC}") = "WatsonTruckV2", "WatsonTruckV2\WatsonTruckV2.csproj", "{9EAE9B61-6A35-42FD-AC55-13B8D6AA4C0E}"
EndProject
Global
	GlobalSection(SolutionConfigurationPlatforms) = preSolution
		Debug|Any CPU = Debug|Any CPU
		Release|Any CPU = Release|Any CPU
	EndGlobalSection
	GlobalSection(ProjectConfigurationPlatforms) = postSolution
		{9EAE9B61-6A35-42FD-AC55-13B8D6AA4C0E}.Debug|Any CPU.ActiveCfg = Debug|Any CPU
		{9EAE9B61-6A35-42FD-AC55-13B8D6AA4C0E}.Debug|Any CPU.Build.0 = Debug|Any CPU
		{9EAE9B61-6A35-42FD-AC55-13B8D6AA4C0E}.Release|Any CPU.ActiveCfg = Release|Any CPU
		{9EAE9B61-6A35-42FD-AC55-13B8D6AA4C0E}.Release|Any CPU.Build.0 = Release|Any CPU
	EndGlobalSection
	GlobalSection(SolutionProperties) = preSolution
		HideSolutionNode = FALSE
	EndGlobalSection
	GlobalSection(ExtensibilityGlobals) = postSolution
		SolutionGuid = {8A67A5A4-0F9E-4152-B22F-08A7BB617E09}
	EndGlobalSection
EndGlobal
